// !$*UTF8*$!
{
	archiveVersion = 1;
	classes = {
	};
	objectVersion = 46;
	objects = {

/* Begin PBXBuildFile section */
		33619E9B1B04F72200D09ECC /* SSOTableViewHeaderTapGesture.m in Sources */ = {isa = PBXBuildFile; fileRef = 33619E9A1B04F72200D09ECC /* SSOTableViewHeaderTapGesture.m */; };
		4223B4E21BA1E2CA00457C0B /* SSOTestCollectionCell.m in Sources */ = {isa = PBXBuildFile; fileRef = 4223B4E01BA1E2CA00457C0B /* SSOTestCollectionCell.m */; };
		4223B4E31BA1E2CA00457C0B /* SSOTestCollectionCell.xib in Resources */ = {isa = PBXBuildFile; fileRef = 4223B4E11BA1E2CA00457C0B /* SSOTestCollectionCell.xib */; };
		42D9BD7A1BA0C56B00FF5E03 /* SSOProviderItem.m in Sources */ = {isa = PBXBuildFile; fileRef = 42D9BD791BA0C56B00FF5E03 /* SSOProviderItem.m */; };
		42D9BD7D1BA0C5CB00FF5E03 /* SSOProviderSection.m in Sources */ = {isa = PBXBuildFile; fileRef = 42D9BD7C1BA0C5CB00FF5E03 /* SSOProviderSection.m */; };
		42D9BD821BA0DB6000FF5E03 /* SSOTestTableViewController.m in Sources */ = {isa = PBXBuildFile; fileRef = 42D9BD811BA0DB6000FF5E03 /* SSOTestTableViewController.m */; };
		42D9BD851BA0DB7000FF5E03 /* SSOTestCollectionViewController.m in Sources */ = {isa = PBXBuildFile; fileRef = 42D9BD841BA0DB7000FF5E03 /* SSOTestCollectionViewController.m */; };
		42D9BD891BA0E12C00FF5E03 /* SSOTestCell.m in Sources */ = {isa = PBXBuildFile; fileRef = 42D9BD871BA0E12C00FF5E03 /* SSOTestCell.m */; };
		42D9BD8A1BA0E12C00FF5E03 /* SSOTestCell.xib in Resources */ = {isa = PBXBuildFile; fileRef = 42D9BD881BA0E12C00FF5E03 /* SSOTestCell.xib */; };
		42D9BD8D1BA0E4A700FF5E03 /* SSOTestModel.m in Sources */ = {isa = PBXBuildFile; fileRef = 42D9BD8C1BA0E4A700FF5E03 /* SSOTestModel.m */; };
		42E733241BA38180003A5545 /* Podfile in Resources */ = {isa = PBXBuildFile; fileRef = 42E733231BA38180003A5545 /* Podfile */; };
		42E733251BA381A5003A5545 /* Podfile in Resources */ = {isa = PBXBuildFile; fileRef = 42E733231BA38180003A5545 /* Podfile */; };
		42F0A22C1BA732B10004B9CA /* SSOBaseProviderSpec.m in Sources */ = {isa = PBXBuildFile; fileRef = 42F0A22B1BA732B10004B9CA /* SSOBaseProviderSpec.m */; };
		BFC3FA1DCC03EACD14FC8C9A /* libPods-SSOBaseProviderTests.a in Frameworks */ = {isa = PBXBuildFile; fileRef = A7E227DE8C1AD83659ED8F64 /* libPods-SSOBaseProviderTests.a */; };
		D86E08FD1AE6D1CA00711579 /* SSOBaseCollectionViewProvider.m in Sources */ = {isa = PBXBuildFile; fileRef = D86E08F71AE6D1CA00711579 /* SSOBaseCollectionViewProvider.m */; };
		D86E08FE1AE6D1CA00711579 /* SSOBaseProvider.m in Sources */ = {isa = PBXBuildFile; fileRef = D86E08F91AE6D1CA00711579 /* SSOBaseProvider.m */; };
		D86E08FF1AE6D1CA00711579 /* SSOBaseTableViewProvider.m in Sources */ = {isa = PBXBuildFile; fileRef = D86E08FB1AE6D1CA00711579 /* SSOBaseTableViewProvider.m */; };
		D86E09021AE6D1DA00711579 /* SSOSimpleProvider.m in Sources */ = {isa = PBXBuildFile; fileRef = D86E09011AE6D1DA00711579 /* SSOSimpleProvider.m */; };
		D86E09081AE6D2B100711579 /* SSOSimpleTableViewProvider.m in Sources */ = {isa = PBXBuildFile; fileRef = D86E09071AE6D2B100711579 /* SSOSimpleTableViewProvider.m */; };
		D86E090B1AE6D46500711579 /* SSOSimpleCollectionViewProvider.m in Sources */ = {isa = PBXBuildFile; fileRef = D86E090A1AE6D46500711579 /* SSOSimpleCollectionViewProvider.m */; };
		D8C83E641AE1B64700F187F1 /* main.m in Sources */ = {isa = PBXBuildFile; fileRef = D8C83E631AE1B64700F187F1 /* main.m */; };
		D8C83E671AE1B64700F187F1 /* AppDelegate.m in Sources */ = {isa = PBXBuildFile; fileRef = D8C83E661AE1B64700F187F1 /* AppDelegate.m */; };
		D8C83E6A1AE1B64700F187F1 /* TestViewController.m in Sources */ = {isa = PBXBuildFile; fileRef = D8C83E691AE1B64700F187F1 /* TestViewController.m */; };
		D8C83E6D1AE1B64700F187F1 /* Main.storyboard in Resources */ = {isa = PBXBuildFile; fileRef = D8C83E6B1AE1B64700F187F1 /* Main.storyboard */; };
		D8C83E6F1AE1B64700F187F1 /* Images.xcassets in Resources */ = {isa = PBXBuildFile; fileRef = D8C83E6E1AE1B64700F187F1 /* Images.xcassets */; };
		D8C83E721AE1B64700F187F1 /* LaunchScreen.xib in Resources */ = {isa = PBXBuildFile; fileRef = D8C83E701AE1B64700F187F1 /* LaunchScreen.xib */; };
		D8C83E961AE1C0EB00F187F1 /* SSCellViewItem.m in Sources */ = {isa = PBXBuildFile; fileRef = D8C83E8A1AE1C0EB00F187F1 /* SSCellViewItem.m */; };
		D8C83E971AE1C0EB00F187F1 /* SSCellViewSection.m in Sources */ = {isa = PBXBuildFile; fileRef = D8C83E8C1AE1C0EB00F187F1 /* SSCellViewSection.m */; };
		D8C83E9E1AE1C25D00F187F1 /* SSOBaseProvider.podspec in Resources */ = {isa = PBXBuildFile; fileRef = D8C83E9D1AE1C25D00F187F1 /* SSOBaseProvider.podspec */; };
/* End PBXBuildFile section */

/* Begin PBXContainerItemProxy section */
		D8C83E781AE1B64700F187F1 /* PBXContainerItemProxy */ = {
			isa = PBXContainerItemProxy;
			containerPortal = D8C83E561AE1B64700F187F1 /* Project object */;
			proxyType = 1;
			remoteGlobalIDString = D8C83E5D1AE1B64700F187F1;
			remoteInfo = SSOBaseProvider;
		};
/* End PBXContainerItemProxy section */

/* Begin PBXFileReference section */
		33619E991B04F72200D09ECC /* SSOTableViewHeaderTapGesture.h */ = {isa = PBXFileReference; fileEncoding = 4; lastKnownFileType = sourcecode.c.h; path = SSOTableViewHeaderTapGesture.h; sourceTree = "<group>"; };
		33619E9A1B04F72200D09ECC /* SSOTableViewHeaderTapGesture.m */ = {isa = PBXFileReference; fileEncoding = 4; lastKnownFileType = sourcecode.c.objc; path = SSOTableViewHeaderTapGesture.m; sourceTree = "<group>"; };
		4223B4DF1BA1E2CA00457C0B /* SSOTestCollectionCell.h */ = {isa = PBXFileReference; fileEncoding = 4; lastKnownFileType = sourcecode.c.h; path = SSOTestCollectionCell.h; sourceTree = "<group>"; };
		4223B4E01BA1E2CA00457C0B /* SSOTestCollectionCell.m */ = {isa = PBXFileReference; fileEncoding = 4; lastKnownFileType = sourcecode.c.objc; path = SSOTestCollectionCell.m; sourceTree = "<group>"; };
		4223B4E11BA1E2CA00457C0B /* SSOTestCollectionCell.xib */ = {isa = PBXFileReference; fileEncoding = 4; lastKnownFileType = file.xib; path = SSOTestCollectionCell.xib; sourceTree = "<group>"; };
		42D9BD781BA0C56B00FF5E03 /* SSOProviderItem.h */ = {isa = PBXFileReference; fileEncoding = 4; lastKnownFileType = sourcecode.c.h; path = SSOProviderItem.h; sourceTree = "<group>"; };
		42D9BD791BA0C56B00FF5E03 /* SSOProviderItem.m */ = {isa = PBXFileReference; fileEncoding = 4; lastKnownFileType = sourcecode.c.objc; path = SSOProviderItem.m; sourceTree = "<group>"; };
		42D9BD7B1BA0C5CB00FF5E03 /* SSOProviderSection.h */ = {isa = PBXFileReference; fileEncoding = 4; lastKnownFileType = sourcecode.c.h; path = SSOProviderSection.h; sourceTree = "<group>"; };
		42D9BD7C1BA0C5CB00FF5E03 /* SSOProviderSection.m */ = {isa = PBXFileReference; fileEncoding = 4; lastKnownFileType = sourcecode.c.objc; path = SSOProviderSection.m; sourceTree = "<group>"; };
		42D9BD801BA0DB6000FF5E03 /* SSOTestTableViewController.h */ = {isa = PBXFileReference; fileEncoding = 4; lastKnownFileType = sourcecode.c.h; path = SSOTestTableViewController.h; sourceTree = "<group>"; };
		42D9BD811BA0DB6000FF5E03 /* SSOTestTableViewController.m */ = {isa = PBXFileReference; fileEncoding = 4; lastKnownFileType = sourcecode.c.objc; path = SSOTestTableViewController.m; sourceTree = "<group>"; };
		42D9BD831BA0DB7000FF5E03 /* SSOTestCollectionViewController.h */ = {isa = PBXFileReference; fileEncoding = 4; lastKnownFileType = sourcecode.c.h; path = SSOTestCollectionViewController.h; sourceTree = "<group>"; };
		42D9BD841BA0DB7000FF5E03 /* SSOTestCollectionViewController.m */ = {isa = PBXFileReference; fileEncoding = 4; lastKnownFileType = sourcecode.c.objc; path = SSOTestCollectionViewController.m; sourceTree = "<group>"; };
		42D9BD861BA0E12C00FF5E03 /* SSOTestCell.h */ = {isa = PBXFileReference; fileEncoding = 4; lastKnownFileType = sourcecode.c.h; path = SSOTestCell.h; sourceTree = "<group>"; };
		42D9BD871BA0E12C00FF5E03 /* SSOTestCell.m */ = {isa = PBXFileReference; fileEncoding = 4; lastKnownFileType = sourcecode.c.objc; path = SSOTestCell.m; sourceTree = "<group>"; };
		42D9BD881BA0E12C00FF5E03 /* SSOTestCell.xib */ = {isa = PBXFileReference; fileEncoding = 4; lastKnownFileType = file.xib; path = SSOTestCell.xib; sourceTree = "<group>"; };
		42D9BD8B1BA0E4A700FF5E03 /* SSOTestModel.h */ = {isa = PBXFileReference; fileEncoding = 4; lastKnownFileType = sourcecode.c.h; path = SSOTestModel.h; sourceTree = "<group>"; };
		42D9BD8C1BA0E4A700FF5E03 /* SSOTestModel.m */ = {isa = PBXFileReference; fileEncoding = 4; lastKnownFileType = sourcecode.c.objc; path = SSOTestModel.m; sourceTree = "<group>"; };
		42E733231BA38180003A5545 /* Podfile */ = {isa = PBXFileReference; fileEncoding = 4; lastKnownFileType = text; path = Podfile; sourceTree = "<group>"; xcLanguageSpecificationIdentifier = xcode.lang.ruby; };
		42F0A22B1BA732B10004B9CA /* SSOBaseProviderSpec.m */ = {isa = PBXFileReference; fileEncoding = 4; lastKnownFileType = sourcecode.c.objc; path = SSOBaseProviderSpec.m; sourceTree = "<group>"; };
		A7E227DE8C1AD83659ED8F64 /* libPods-SSOBaseProviderTests.a */ = {isa = PBXFileReference; explicitFileType = archive.ar; includeInIndex = 0; path = "libPods-SSOBaseProviderTests.a"; sourceTree = BUILT_PRODUCTS_DIR; };
		B524CAA6F59621135E84BA91 /* Pods-SSOBaseProviderTests.debug.xcconfig */ = {isa = PBXFileReference; includeInIndex = 1; lastKnownFileType = text.xcconfig; name = "Pods-SSOBaseProviderTests.debug.xcconfig"; path = "Pods/Target Support Files/Pods-SSOBaseProviderTests/Pods-SSOBaseProviderTests.debug.xcconfig"; sourceTree = "<group>"; };
		D86E08F61AE6D1CA00711579 /* SSOBaseCollectionViewProvider.h */ = {isa = PBXFileReference; fileEncoding = 4; lastKnownFileType = sourcecode.c.h; path = SSOBaseCollectionViewProvider.h; sourceTree = "<group>"; };
		D86E08F71AE6D1CA00711579 /* SSOBaseCollectionViewProvider.m */ = {isa = PBXFileReference; fileEncoding = 4; lastKnownFileType = sourcecode.c.objc; path = SSOBaseCollectionViewProvider.m; sourceTree = "<group>"; };
		D86E08F81AE6D1CA00711579 /* SSOBaseProvider.h */ = {isa = PBXFileReference; fileEncoding = 4; lastKnownFileType = sourcecode.c.h; path = SSOBaseProvider.h; sourceTree = "<group>"; };
		D86E08F91AE6D1CA00711579 /* SSOBaseProvider.m */ = {isa = PBXFileReference; fileEncoding = 4; lastKnownFileType = sourcecode.c.objc; path = SSOBaseProvider.m; sourceTree = "<group>"; };
		D86E08FA1AE6D1CA00711579 /* SSOBaseTableViewProvider.h */ = {isa = PBXFileReference; fileEncoding = 4; lastKnownFileType = sourcecode.c.h; path = SSOBaseTableViewProvider.h; sourceTree = "<group>"; };
		D86E08FB1AE6D1CA00711579 /* SSOBaseTableViewProvider.m */ = {isa = PBXFileReference; fileEncoding = 4; lastKnownFileType = sourcecode.c.objc; path = SSOBaseTableViewProvider.m; sourceTree = "<group>"; };
		D86E09001AE6D1DA00711579 /* SSOSimpleProvider.h */ = {isa = PBXFileReference; fileEncoding = 4; lastKnownFileType = sourcecode.c.h; path = SSOSimpleProvider.h; sourceTree = "<group>"; };
		D86E09011AE6D1DA00711579 /* SSOSimpleProvider.m */ = {isa = PBXFileReference; fileEncoding = 4; lastKnownFileType = sourcecode.c.objc; path = SSOSimpleProvider.m; sourceTree = "<group>"; };
		D86E09031AE6D20700711579 /* SSOProviderDelegate.h */ = {isa = PBXFileReference; fileEncoding = 4; lastKnownFileType = sourcecode.c.h; path = SSOProviderDelegate.h; sourceTree = "<group>"; };
		D86E09061AE6D2B100711579 /* SSOSimpleTableViewProvider.h */ = {isa = PBXFileReference; fileEncoding = 4; lastKnownFileType = sourcecode.c.h; path = SSOSimpleTableViewProvider.h; sourceTree = "<group>"; };
		D86E09071AE6D2B100711579 /* SSOSimpleTableViewProvider.m */ = {isa = PBXFileReference; fileEncoding = 4; lastKnownFileType = sourcecode.c.objc; path = SSOSimpleTableViewProvider.m; sourceTree = "<group>"; };
		D86E09091AE6D46500711579 /* SSOSimpleCollectionViewProvider.h */ = {isa = PBXFileReference; fileEncoding = 4; lastKnownFileType = sourcecode.c.h; path = SSOSimpleCollectionViewProvider.h; sourceTree = "<group>"; };
		D86E090A1AE6D46500711579 /* SSOSimpleCollectionViewProvider.m */ = {isa = PBXFileReference; fileEncoding = 4; lastKnownFileType = sourcecode.c.objc; path = SSOSimpleCollectionViewProvider.m; sourceTree = "<group>"; };
		D8C83E5E1AE1B64700F187F1 /* SSOBaseProvider.app */ = {isa = PBXFileReference; explicitFileType = wrapper.application; includeInIndex = 0; path = SSOBaseProvider.app; sourceTree = BUILT_PRODUCTS_DIR; };
		D8C83E621AE1B64700F187F1 /* Info.plist */ = {isa = PBXFileReference; lastKnownFileType = text.plist.xml; path = Info.plist; sourceTree = "<group>"; };
		D8C83E631AE1B64700F187F1 /* main.m */ = {isa = PBXFileReference; lastKnownFileType = sourcecode.c.objc; path = main.m; sourceTree = "<group>"; };
		D8C83E651AE1B64700F187F1 /* AppDelegate.h */ = {isa = PBXFileReference; lastKnownFileType = sourcecode.c.h; path = AppDelegate.h; sourceTree = "<group>"; };
		D8C83E661AE1B64700F187F1 /* AppDelegate.m */ = {isa = PBXFileReference; lastKnownFileType = sourcecode.c.objc; path = AppDelegate.m; sourceTree = "<group>"; };
		D8C83E681AE1B64700F187F1 /* TestViewController.h */ = {isa = PBXFileReference; lastKnownFileType = sourcecode.c.h; path = TestViewController.h; sourceTree = "<group>"; };
		D8C83E691AE1B64700F187F1 /* TestViewController.m */ = {isa = PBXFileReference; lastKnownFileType = sourcecode.c.objc; path = TestViewController.m; sourceTree = "<group>"; };
		D8C83E6C1AE1B64700F187F1 /* Base */ = {isa = PBXFileReference; lastKnownFileType = file.storyboard; name = Base; path = Base.lproj/Main.storyboard; sourceTree = "<group>"; };
		D8C83E6E1AE1B64700F187F1 /* Images.xcassets */ = {isa = PBXFileReference; lastKnownFileType = folder.assetcatalog; path = Images.xcassets; sourceTree = "<group>"; };
		D8C83E711AE1B64700F187F1 /* Base */ = {isa = PBXFileReference; lastKnownFileType = file.xib; name = Base; path = Base.lproj/LaunchScreen.xib; sourceTree = "<group>"; };
		D8C83E771AE1B64700F187F1 /* SSOBaseProviderTests.xctest */ = {isa = PBXFileReference; explicitFileType = wrapper.cfbundle; includeInIndex = 0; path = SSOBaseProviderTests.xctest; sourceTree = BUILT_PRODUCTS_DIR; };
		D8C83E7C1AE1B64700F187F1 /* Info.plist */ = {isa = PBXFileReference; lastKnownFileType = text.plist.xml; path = Info.plist; sourceTree = "<group>"; };
		D8C83E891AE1C0EB00F187F1 /* SSCellViewItem.h */ = {isa = PBXFileReference; fileEncoding = 4; lastKnownFileType = sourcecode.c.h; path = SSCellViewItem.h; sourceTree = "<group>"; };
		D8C83E8A1AE1C0EB00F187F1 /* SSCellViewItem.m */ = {isa = PBXFileReference; fileEncoding = 4; lastKnownFileType = sourcecode.c.objc; path = SSCellViewItem.m; sourceTree = "<group>"; };
		D8C83E8B1AE1C0EB00F187F1 /* SSCellViewSection.h */ = {isa = PBXFileReference; fileEncoding = 4; lastKnownFileType = sourcecode.c.h; path = SSCellViewSection.h; sourceTree = "<group>"; };
		D8C83E8C1AE1C0EB00F187F1 /* SSCellViewSection.m */ = {isa = PBXFileReference; fileEncoding = 4; lastKnownFileType = sourcecode.c.objc; path = SSCellViewSection.m; sourceTree = "<group>"; };
		D8C83E8E1AE1C0EB00F187F1 /* SSOProviderCellProtocol.h */ = {isa = PBXFileReference; fileEncoding = 4; lastKnownFileType = sourcecode.c.h; path = SSOProviderCellProtocol.h; sourceTree = "<group>"; };
		D8C83E9D1AE1C25D00F187F1 /* SSOBaseProvider.podspec */ = {isa = PBXFileReference; fileEncoding = 4; lastKnownFileType = text; path = SSOBaseProvider.podspec; sourceTree = "<group>"; };
		E1AFF2D9F7FD9CAED82A4036 /* Pods-SSOBaseProviderTests.release.xcconfig */ = {isa = PBXFileReference; includeInIndex = 1; lastKnownFileType = text.xcconfig; name = "Pods-SSOBaseProviderTests.release.xcconfig"; path = "Pods/Target Support Files/Pods-SSOBaseProviderTests/Pods-SSOBaseProviderTests.release.xcconfig"; sourceTree = "<group>"; };
/* End PBXFileReference section */

/* Begin PBXFrameworksBuildPhase section */
		D8C83E5B1AE1B64700F187F1 /* Frameworks */ = {
			isa = PBXFrameworksBuildPhase;
			buildActionMask = 2147483647;
			files = (
			);
			runOnlyForDeploymentPostprocessing = 0;
		};
		D8C83E741AE1B64700F187F1 /* Frameworks */ = {
			isa = PBXFrameworksBuildPhase;
			buildActionMask = 2147483647;
			files = (
				BFC3FA1DCC03EACD14FC8C9A /* libPods-SSOBaseProviderTests.a in Frameworks */,
			);
			runOnlyForDeploymentPostprocessing = 0;
		};
/* End PBXFrameworksBuildPhase section */

/* Begin PBXGroup section */
		33619E981B04F71500D09ECC /* Gestures */ = {
			isa = PBXGroup;
			children = (
				33619E991B04F72200D09ECC /* SSOTableViewHeaderTapGesture.h */,
				33619E9A1B04F72200D09ECC /* SSOTableViewHeaderTapGesture.m */,
			);
			name = Gestures;
			sourceTree = "<group>";
		};
		42D9BD7E1BA0DB3900FF5E03 /* CollectionView */ = {
			isa = PBXGroup;
			children = (
				42D9BD831BA0DB7000FF5E03 /* SSOTestCollectionViewController.h */,
				42D9BD841BA0DB7000FF5E03 /* SSOTestCollectionViewController.m */,
				4223B4DF1BA1E2CA00457C0B /* SSOTestCollectionCell.h */,
				4223B4E01BA1E2CA00457C0B /* SSOTestCollectionCell.m */,
				4223B4E11BA1E2CA00457C0B /* SSOTestCollectionCell.xib */,
			);
			path = CollectionView;
			sourceTree = "<group>";
		};
		42D9BD7F1BA0DB3900FF5E03 /* TableView */ = {
			isa = PBXGroup;
			children = (
				42D9BD801BA0DB6000FF5E03 /* SSOTestTableViewController.h */,
				42D9BD811BA0DB6000FF5E03 /* SSOTestTableViewController.m */,
				42D9BD861BA0E12C00FF5E03 /* SSOTestCell.h */,
				42D9BD871BA0E12C00FF5E03 /* SSOTestCell.m */,
				42D9BD881BA0E12C00FF5E03 /* SSOTestCell.xib */,
			);
			path = TableView;
			sourceTree = "<group>";
		};
		A15751551383B7AEB2CBFA45 /* Frameworks */ = {
			isa = PBXGroup;
			children = (
				A7E227DE8C1AD83659ED8F64 /* libPods-SSOBaseProviderTests.a */,
			);
			name = Frameworks;
			sourceTree = "<group>";
		};
		C9B278E3D6370DF87D70FF94 /* Pods */ = {
			isa = PBXGroup;
			children = (
				B524CAA6F59621135E84BA91 /* Pods-SSOBaseProviderTests.debug.xcconfig */,
				E1AFF2D9F7FD9CAED82A4036 /* Pods-SSOBaseProviderTests.release.xcconfig */,
			);
			name = Pods;
			sourceTree = "<group>";
		};
		D86E08F51AE6D1CA00711579 /* Base */ = {
			isa = PBXGroup;
			children = (
				D86E08F61AE6D1CA00711579 /* SSOBaseCollectionViewProvider.h */,
				D86E08F71AE6D1CA00711579 /* SSOBaseCollectionViewProvider.m */,
				D86E08F81AE6D1CA00711579 /* SSOBaseProvider.h */,
				D86E08F91AE6D1CA00711579 /* SSOBaseProvider.m */,
				D86E08FA1AE6D1CA00711579 /* SSOBaseTableViewProvider.h */,
				D86E08FB1AE6D1CA00711579 /* SSOBaseTableViewProvider.m */,
			);
			path = Base;
			sourceTree = "<group>";
		};
		D86E08FC1AE6D1CA00711579 /* Simple */ = {
			isa = PBXGroup;
			children = (
				D86E09001AE6D1DA00711579 /* SSOSimpleProvider.h */,
				D86E09011AE6D1DA00711579 /* SSOSimpleProvider.m */,
				D86E09061AE6D2B100711579 /* SSOSimpleTableViewProvider.h */,
				D86E09071AE6D2B100711579 /* SSOSimpleTableViewProvider.m */,
				D86E09091AE6D46500711579 /* SSOSimpleCollectionViewProvider.h */,
				D86E090A1AE6D46500711579 /* SSOSimpleCollectionViewProvider.m */,
			);
			path = Simple;
			sourceTree = "<group>";
		};
		D8C83E551AE1B64700F187F1 = {
			isa = PBXGroup;
			children = (
				42E733231BA38180003A5545 /* Podfile */,
				D8C83E871AE1B68400F187F1 /* Classes */,
				D8C83E601AE1B64700F187F1 /* SSOBaseProviderExampleProject */,
				D8C83E7A1AE1B64700F187F1 /* SSOBaseProviderTests */,
				D8C83E5F1AE1B64700F187F1 /* Products */,
				D8C83E9D1AE1C25D00F187F1 /* SSOBaseProvider.podspec */,
				C9B278E3D6370DF87D70FF94 /* Pods */,
				A15751551383B7AEB2CBFA45 /* Frameworks */,
			);
			sourceTree = "<group>";
		};
		D8C83E5F1AE1B64700F187F1 /* Products */ = {
			isa = PBXGroup;
			children = (
				D8C83E5E1AE1B64700F187F1 /* SSOBaseProvider.app */,
				D8C83E771AE1B64700F187F1 /* SSOBaseProviderTests.xctest */,
			);
			name = Products;
			sourceTree = "<group>";
		};
		D8C83E601AE1B64700F187F1 /* SSOBaseProviderExampleProject */ = {
			isa = PBXGroup;
			children = (
				42D9BD7E1BA0DB3900FF5E03 /* CollectionView */,
				42D9BD7F1BA0DB3900FF5E03 /* TableView */,
				D8C83E651AE1B64700F187F1 /* AppDelegate.h */,
				D8C83E661AE1B64700F187F1 /* AppDelegate.m */,
				D8C83E681AE1B64700F187F1 /* TestViewController.h */,
				D8C83E691AE1B64700F187F1 /* TestViewController.m */,
				D8C83E6B1AE1B64700F187F1 /* Main.storyboard */,
				D8C83E6E1AE1B64700F187F1 /* Images.xcassets */,
				D8C83E701AE1B64700F187F1 /* LaunchScreen.xib */,
				D8C83E611AE1B64700F187F1 /* Supporting Files */,
				42D9BD8B1BA0E4A700FF5E03 /* SSOTestModel.h */,
				42D9BD8C1BA0E4A700FF5E03 /* SSOTestModel.m */,
			);
			name = SSOBaseProviderExampleProject;
			path = SSOBaseProvider;
			sourceTree = "<group>";
		};
		D8C83E611AE1B64700F187F1 /* Supporting Files */ = {
			isa = PBXGroup;
			children = (
				D8C83E621AE1B64700F187F1 /* Info.plist */,
				D8C83E631AE1B64700F187F1 /* main.m */,
			);
			name = "Supporting Files";
			sourceTree = "<group>";
		};
		D8C83E7A1AE1B64700F187F1 /* SSOBaseProviderTests */ = {
			isa = PBXGroup;
			children = (
				D8C83E7B1AE1B64700F187F1 /* Supporting Files */,
				42F0A22B1BA732B10004B9CA /* SSOBaseProviderSpec.m */,
			);
			path = SSOBaseProviderTests;
			sourceTree = "<group>";
		};
		D8C83E7B1AE1B64700F187F1 /* Supporting Files */ = {
			isa = PBXGroup;
			children = (
				D8C83E7C1AE1B64700F187F1 /* Info.plist */,
			);
			name = "Supporting Files";
			sourceTree = "<group>";
		};
		D8C83E871AE1B68400F187F1 /* Classes */ = {
			isa = PBXGroup;
			children = (
				33619E981B04F71500D09ECC /* Gestures */,
				D8C83E881AE1C0EB00F187F1 /* Model */,
				D8C83E8D1AE1C0EB00F187F1 /* Protocols */,
				D8C83E8F1AE1C0EB00F187F1 /* Providers */,
			);
			path = Classes;
			sourceTree = "<group>";
		};
		D8C83E881AE1C0EB00F187F1 /* Model */ = {
			isa = PBXGroup;
			children = (
				D8C83E891AE1C0EB00F187F1 /* SSCellViewItem.h */,
				D8C83E8A1AE1C0EB00F187F1 /* SSCellViewItem.m */,
				D8C83E8B1AE1C0EB00F187F1 /* SSCellViewSection.h */,
				D8C83E8C1AE1C0EB00F187F1 /* SSCellViewSection.m */,
				42D9BD781BA0C56B00FF5E03 /* SSOProviderItem.h */,
				42D9BD791BA0C56B00FF5E03 /* SSOProviderItem.m */,
				42D9BD7B1BA0C5CB00FF5E03 /* SSOProviderSection.h */,
				42D9BD7C1BA0C5CB00FF5E03 /* SSOProviderSection.m */,
			);
			path = Model;
			sourceTree = "<group>";
		};
		D8C83E8D1AE1C0EB00F187F1 /* Protocols */ = {
			isa = PBXGroup;
			children = (
				D8C83E8E1AE1C0EB00F187F1 /* SSOProviderCellProtocol.h */,
				D86E09031AE6D20700711579 /* SSOProviderDelegate.h */,
			);
			path = Protocols;
			sourceTree = "<group>";
		};
		D8C83E8F1AE1C0EB00F187F1 /* Providers */ = {
			isa = PBXGroup;
			children = (
				D86E08F51AE6D1CA00711579 /* Base */,
				D86E08FC1AE6D1CA00711579 /* Simple */,
			);
			path = Providers;
			sourceTree = "<group>";
		};
/* End PBXGroup section */

/* Begin PBXNativeTarget section */
		D8C83E5D1AE1B64700F187F1 /* SSOBaseProvider */ = {
			isa = PBXNativeTarget;
			buildConfigurationList = D8C83E811AE1B64700F187F1 /* Build configuration list for PBXNativeTarget "SSOBaseProvider" */;
			buildPhases = (
				D8C83E5A1AE1B64700F187F1 /* Sources */,
				D8C83E5B1AE1B64700F187F1 /* Frameworks */,
				D8C83E5C1AE1B64700F187F1 /* Resources */,
			);
			buildRules = (
			);
			dependencies = (
			);
			name = SSOBaseProvider;
			productName = SSOBaseProvider;
			productReference = D8C83E5E1AE1B64700F187F1 /* SSOBaseProvider.app */;
			productType = "com.apple.product-type.application";
		};
		D8C83E761AE1B64700F187F1 /* SSOBaseProviderTests */ = {
			isa = PBXNativeTarget;
			buildConfigurationList = D8C83E841AE1B64700F187F1 /* Build configuration list for PBXNativeTarget "SSOBaseProviderTests" */;
			buildPhases = (
				ED1F09033B4AC3D334990C32 /* Check Pods Manifest.lock */,
				D8C83E731AE1B64700F187F1 /* Sources */,
				D8C83E741AE1B64700F187F1 /* Frameworks */,
				D8C83E751AE1B64700F187F1 /* Resources */,
				91FAD6F65810FB684D38894A /* Copy Pods Resources */,
			);
			buildRules = (
			);
			dependencies = (
				D8C83E791AE1B64700F187F1 /* PBXTargetDependency */,
			);
			name = SSOBaseProviderTests;
			productName = SSOBaseProviderTests;
			productReference = D8C83E771AE1B64700F187F1 /* SSOBaseProviderTests.xctest */;
			productType = "com.apple.product-type.bundle.unit-test";
		};
/* End PBXNativeTarget section */

/* Begin PBXProject section */
		D8C83E561AE1B64700F187F1 /* Project object */ = {
			isa = PBXProject;
			attributes = {
				CLASSPREFIX = SSO;
				LastUpgradeCheck = 0700;
				ORGANIZATIONNAME = Samsao;
				TargetAttributes = {
					D8C83E5D1AE1B64700F187F1 = {
						CreatedOnToolsVersion = 6.3;
					};
					D8C83E761AE1B64700F187F1 = {
						CreatedOnToolsVersion = 6.3;
						TestTargetID = D8C83E5D1AE1B64700F187F1;
					};
				};
			};
			buildConfigurationList = D8C83E591AE1B64700F187F1 /* Build configuration list for PBXProject "SSOBaseProvider" */;
			compatibilityVersion = "Xcode 3.2";
			developmentRegion = English;
			hasScannedForEncodings = 0;
			knownRegions = (
				en,
				Base,
			);
			mainGroup = D8C83E551AE1B64700F187F1;
			productRefGroup = D8C83E5F1AE1B64700F187F1 /* Products */;
			projectDirPath = "";
			projectRoot = "";
			targets = (
				D8C83E5D1AE1B64700F187F1 /* SSOBaseProvider */,
				D8C83E761AE1B64700F187F1 /* SSOBaseProviderTests */,
			);
		};
/* End PBXProject section */

/* Begin PBXResourcesBuildPhase section */
		D8C83E5C1AE1B64700F187F1 /* Resources */ = {
			isa = PBXResourcesBuildPhase;
			buildActionMask = 2147483647;
			files = (
				D8C83E9E1AE1C25D00F187F1 /* SSOBaseProvider.podspec in Resources */,
				4223B4E31BA1E2CA00457C0B /* SSOTestCollectionCell.xib in Resources */,
				42D9BD8A1BA0E12C00FF5E03 /* SSOTestCell.xib in Resources */,
				D8C83E6D1AE1B64700F187F1 /* Main.storyboard in Resources */,
				D8C83E721AE1B64700F187F1 /* LaunchScreen.xib in Resources */,
				42E733241BA38180003A5545 /* Podfile in Resources */,
				D8C83E6F1AE1B64700F187F1 /* Images.xcassets in Resources */,
			);
			runOnlyForDeploymentPostprocessing = 0;
		};
		D8C83E751AE1B64700F187F1 /* Resources */ = {
			isa = PBXResourcesBuildPhase;
			buildActionMask = 2147483647;
			files = (
				42E733251BA381A5003A5545 /* Podfile in Resources */,
			);
			runOnlyForDeploymentPostprocessing = 0;
		};
/* End PBXResourcesBuildPhase section */

/* Begin PBXShellScriptBuildPhase section */
		91FAD6F65810FB684D38894A /* Copy Pods Resources */ = {
			isa = PBXShellScriptBuildPhase;
			buildActionMask = 2147483647;
			files = (
			);
			inputPaths = (
			);
			name = "Copy Pods Resources";
			outputPaths = (
			);
			runOnlyForDeploymentPostprocessing = 0;
			shellPath = /bin/sh;
			shellScript = "\"${SRCROOT}/Pods/Target Support Files/Pods-SSOBaseProviderTests/Pods-SSOBaseProviderTests-resources.sh\"\n";
			showEnvVarsInLog = 0;
		};
		ED1F09033B4AC3D334990C32 /* Check Pods Manifest.lock */ = {
			isa = PBXShellScriptBuildPhase;
			buildActionMask = 2147483647;
			files = (
			);
			inputPaths = (
			);
			name = "Check Pods Manifest.lock";
			outputPaths = (
			);
			runOnlyForDeploymentPostprocessing = 0;
			shellPath = /bin/sh;
			shellScript = "diff \"${PODS_ROOT}/../Podfile.lock\" \"${PODS_ROOT}/Manifest.lock\" > /dev/null\nif [[ $? != 0 ]] ; then\n    cat << EOM\nerror: The sandbox is not in sync with the Podfile.lock. Run 'pod install' or update your CocoaPods installation.\nEOM\n    exit 1\nfi\n";
			showEnvVarsInLog = 0;
		};
/* End PBXShellScriptBuildPhase section */

/* Begin PBXSourcesBuildPhase section */
		D8C83E5A1AE1B64700F187F1 /* Sources */ = {
			isa = PBXSourcesBuildPhase;
			buildActionMask = 2147483647;
			files = (
				42D9BD7D1BA0C5CB00FF5E03 /* SSOProviderSection.m in Sources */,
				D86E08FD1AE6D1CA00711579 /* SSOBaseCollectionViewProvider.m in Sources */,
				D86E08FF1AE6D1CA00711579 /* SSOBaseTableViewProvider.m in Sources */,
				D8C83E6A1AE1B64700F187F1 /* TestViewController.m in Sources */,
				42D9BD851BA0DB7000FF5E03 /* SSOTestCollectionViewController.m in Sources */,
				42D9BD8D1BA0E4A700FF5E03 /* SSOTestModel.m in Sources */,
				D8C83E671AE1B64700F187F1 /* AppDelegate.m in Sources */,
				4223B4E21BA1E2CA00457C0B /* SSOTestCollectionCell.m in Sources */,
				D86E090B1AE6D46500711579 /* SSOSimpleCollectionViewProvider.m in Sources */,
				42D9BD7A1BA0C56B00FF5E03 /* SSOProviderItem.m in Sources */,
				42D9BD821BA0DB6000FF5E03 /* SSOTestTableViewController.m in Sources */,
				D8C83E641AE1B64700F187F1 /* main.m in Sources */,
				D86E08FE1AE6D1CA00711579 /* SSOBaseProvider.m in Sources */,
				D86E09081AE6D2B100711579 /* SSOSimpleTableViewProvider.m in Sources */,
				D86E09021AE6D1DA00711579 /* SSOSimpleProvider.m in Sources */,
				42D9BD891BA0E12C00FF5E03 /* SSOTestCell.m in Sources */,
				D8C83E971AE1C0EB00F187F1 /* SSCellViewSection.m in Sources */,
				33619E9B1B04F72200D09ECC /* SSOTableViewHeaderTapGesture.m in Sources */,
				D8C83E961AE1C0EB00F187F1 /* SSCellViewItem.m in Sources */,
			);
			runOnlyForDeploymentPostprocessing = 0;
		};
		D8C83E731AE1B64700F187F1 /* Sources */ = {
			isa = PBXSourcesBuildPhase;
			buildActionMask = 2147483647;
			files = (
				42F0A22C1BA732B10004B9CA /* SSOBaseProviderSpec.m in Sources */,
			);
			runOnlyForDeploymentPostprocessing = 0;
		};
/* End PBXSourcesBuildPhase section */

/* Begin PBXTargetDependency section */
		D8C83E791AE1B64700F187F1 /* PBXTargetDependency */ = {
			isa = PBXTargetDependency;
			target = D8C83E5D1AE1B64700F187F1 /* SSOBaseProvider */;
			targetProxy = D8C83E781AE1B64700F187F1 /* PBXContainerItemProxy */;
		};
/* End PBXTargetDependency section */

/* Begin PBXVariantGroup section */
		D8C83E6B1AE1B64700F187F1 /* Main.storyboard */ = {
			isa = PBXVariantGroup;
			children = (
				D8C83E6C1AE1B64700F187F1 /* Base */,
			);
			name = Main.storyboard;
			sourceTree = "<group>";
		};
		D8C83E701AE1B64700F187F1 /* LaunchScreen.xib */ = {
			isa = PBXVariantGroup;
			children = (
				D8C83E711AE1B64700F187F1 /* Base */,
			);
			name = LaunchScreen.xib;
			sourceTree = "<group>";
		};
/* End PBXVariantGroup section */

/* Begin XCBuildConfiguration section */
		D8C83E7F1AE1B64700F187F1 /* Debug */ = {
			isa = XCBuildConfiguration;
			buildSettings = {
				ALWAYS_SEARCH_USER_PATHS = NO;
				CLANG_CXX_LANGUAGE_STANDARD = "gnu++0x";
				CLANG_CXX_LIBRARY = "libc++";
				CLANG_ENABLE_MODULES = YES;
				CLANG_ENABLE_OBJC_ARC = YES;
				CLANG_WARN_BOOL_CONVERSION = YES;
				CLANG_WARN_CONSTANT_CONVERSION = YES;
				CLANG_WARN_DIRECT_OBJC_ISA_USAGE = YES_ERROR;
				CLANG_WARN_EMPTY_BODY = YES;
				CLANG_WARN_ENUM_CONVERSION = YES;
				CLANG_WARN_INT_CONVERSION = YES;
				CLANG_WARN_OBJC_ROOT_CLASS = YES_ERROR;
				CLANG_WARN_UNREACHABLE_CODE = YES;
				CLANG_WARN__DUPLICATE_METHOD_MATCH = YES;
				"CODE_SIGN_IDENTITY[sdk=iphoneos*]" = "iPhone Developer";
				COPY_PHASE_STRIP = NO;
				DEBUG_INFORMATION_FORMAT = "dwarf-with-dsym";
				ENABLE_STRICT_OBJC_MSGSEND = YES;
				ENABLE_TESTABILITY = YES;
				GCC_C_LANGUAGE_STANDARD = gnu99;
				GCC_DYNAMIC_NO_PIC = NO;
				GCC_NO_COMMON_BLOCKS = YES;
				GCC_OPTIMIZATION_LEVEL = 0;
				GCC_PREPROCESSOR_DEFINITIONS = (
					"DEBUG=1",
					"$(inherited)",
				);
				GCC_SYMBOLS_PRIVATE_EXTERN = NO;
				GCC_WARN_64_TO_32_BIT_CONVERSION = YES;
				GCC_WARN_ABOUT_RETURN_TYPE = YES_ERROR;
				GCC_WARN_UNDECLARED_SELECTOR = YES;
				GCC_WARN_UNINITIALIZED_AUTOS = YES_AGGRESSIVE;
				GCC_WARN_UNUSED_FUNCTION = YES;
				GCC_WARN_UNUSED_VARIABLE = YES;
				IPHONEOS_DEPLOYMENT_TARGET = 8.3;
				MTL_ENABLE_DEBUG_INFO = YES;
				ONLY_ACTIVE_ARCH = YES;
				SDKROOT = iphoneos;
				TARGETED_DEVICE_FAMILY = "1,2";
			};
			name = Debug;
		};
		D8C83E801AE1B64700F187F1 /* Release */ = {
			isa = XCBuildConfiguration;
			buildSettings = {
				ALWAYS_SEARCH_USER_PATHS = NO;
				CLANG_CXX_LANGUAGE_STANDARD = "gnu++0x";
				CLANG_CXX_LIBRARY = "libc++";
				CLANG_ENABLE_MODULES = YES;
				CLANG_ENABLE_OBJC_ARC = YES;
				CLANG_WARN_BOOL_CONVERSION = YES;
				CLANG_WARN_CONSTANT_CONVERSION = YES;
				CLANG_WARN_DIRECT_OBJC_ISA_USAGE = YES_ERROR;
				CLANG_WARN_EMPTY_BODY = YES;
				CLANG_WARN_ENUM_CONVERSION = YES;
				CLANG_WARN_INT_CONVERSION = YES;
				CLANG_WARN_OBJC_ROOT_CLASS = YES_ERROR;
				CLANG_WARN_UNREACHABLE_CODE = YES;
				CLANG_WARN__DUPLICATE_METHOD_MATCH = YES;
				"CODE_SIGN_IDENTITY[sdk=iphoneos*]" = "iPhone Developer";
				COPY_PHASE_STRIP = NO;
				DEBUG_INFORMATION_FORMAT = "dwarf-with-dsym";
				ENABLE_NS_ASSERTIONS = NO;
				ENABLE_STRICT_OBJC_MSGSEND = YES;
				GCC_C_LANGUAGE_STANDARD = gnu99;
				GCC_NO_COMMON_BLOCKS = YES;
				GCC_WARN_64_TO_32_BIT_CONVERSION = YES;
				GCC_WARN_ABOUT_RETURN_TYPE = YES_ERROR;
				GCC_WARN_UNDECLARED_SELECTOR = YES;
				GCC_WARN_UNINITIALIZED_AUTOS = YES_AGGRESSIVE;
				GCC_WARN_UNUSED_FUNCTION = YES;
				GCC_WARN_UNUSED_VARIABLE = YES;
				IPHONEOS_DEPLOYMENT_TARGET = 8.3;
				MTL_ENABLE_DEBUG_INFO = NO;
				SDKROOT = iphoneos;
				TARGETED_DEVICE_FAMILY = "1,2";
				VALIDATE_PRODUCT = YES;
			};
			name = Release;
		};
		D8C83E821AE1B64700F187F1 /* Debug */ = {
			isa = XCBuildConfiguration;
			buildSettings = {
				ASSETCATALOG_COMPILER_APPICON_NAME = AppIcon;
				CODE_SIGN_IDENTITY = "iPhone Developer";
				INFOPLIST_FILE = SSOBaseProvider/Info.plist;
				IPHONEOS_DEPLOYMENT_TARGET = 8.0;
				LD_RUNPATH_SEARCH_PATHS = "$(inherited) @executable_path/Frameworks";
				PRODUCT_BUNDLE_IDENTIFIER = "com.samsao.$(PRODUCT_NAME:rfc1034identifier)";
				PRODUCT_NAME = "$(TARGET_NAME)";
			};
			name = Debug;
		};
		D8C83E831AE1B64700F187F1 /* Release */ = {
			isa = XCBuildConfiguration;
			buildSettings = {
				ASSETCATALOG_COMPILER_APPICON_NAME = AppIcon;
				CODE_SIGN_IDENTITY = "iPhone Developer";
				INFOPLIST_FILE = SSOBaseProvider/Info.plist;
				IPHONEOS_DEPLOYMENT_TARGET = 8.0;
				LD_RUNPATH_SEARCH_PATHS = "$(inherited) @executable_path/Frameworks";
				PRODUCT_BUNDLE_IDENTIFIER = "com.samsao.$(PRODUCT_NAME:rfc1034identifier)";
				PRODUCT_NAME = "$(TARGET_NAME)";
			};
			name = Release;
		};
		D8C83E851AE1B64700F187F1 /* Debug */ = {
			isa = XCBuildConfiguration;
			baseConfigurationReference = B524CAA6F59621135E84BA91 /* Pods-SSOBaseProviderTests.debug.xcconfig */;
			buildSettings = {
				BUNDLE_LOADER = "$(TEST_HOST)";
				FRAMEWORK_SEARCH_PATHS = (
					"$(SDKROOT)/Developer/Library/Frameworks",
					"$(inherited)",
				);
				GCC_PREPROCESSOR_DEFINITIONS = (
					"DEBUG=1",
					"$(inherited)",
				);
				INFOPLIST_FILE = SSOBaseProviderTests/Info.plist;
				LD_RUNPATH_SEARCH_PATHS = "$(inherited) @executable_path/Frameworks @loader_path/Frameworks";
				PRODUCT_BUNDLE_IDENTIFIER = "com.samsao.$(PRODUCT_NAME:rfc1034identifier)";
				PRODUCT_NAME = "$(TARGET_NAME)";
				TEST_HOST = "$(BUILT_PRODUCTS_DIR)/SSOBaseProvider.app/SSOBaseProvider";
			};
			name = Debug;
		};
		D8C83E861AE1B64700F187F1 /* Release */ = {
			isa = XCBuildConfiguration;
			baseConfigurationReference = E1AFF2D9F7FD9CAED82A4036 /* Pods-SSOBaseProviderTests.release.xcconfig */;
			buildSettings = {
				BUNDLE_LOADER = "$(TEST_HOST)";
				FRAMEWORK_SEARCH_PATHS = (
					"$(SDKROOT)/Developer/Library/Frameworks",
					"$(inherited)",
				);
				INFOPLIST_FILE = SSOBaseProviderTests/Info.plist;
				LD_RUNPATH_SEARCH_PATHS = "$(inherited) @executable_path/Frameworks @loader_path/Frameworks";
				PRODUCT_BUNDLE_IDENTIFIER = "com.samsao.$(PRODUCT_NAME:rfc1034identifier)";
				PRODUCT_NAME = "$(TARGET_NAME)";
				TEST_HOST = "$(BUILT_PRODUCTS_DIR)/SSOBaseProvider.app/SSOBaseProvider";
			};
			name = Release;
		};
/* End XCBuildConfiguration section */

/* Begin XCConfigurationList section */
		D8C83E591AE1B64700F187F1 /* Build configuration list for PBXProject "SSOBaseProvider" */ = {
			isa = XCConfigurationList;
			buildConfigurations = (
				D8C83E7F1AE1B64700F187F1 /* Debug */,
				D8C83E801AE1B64700F187F1 /* Release */,
			);
			defaultConfigurationIsVisible = 0;
			defaultConfigurationName = Release;
		};
		D8C83E811AE1B64700F187F1 /* Build configuration list for PBXNativeTarget "SSOBaseProvider" */ = {
			isa = XCConfigurationList;
			buildConfigurations = (
				D8C83E821AE1B64700F187F1 /* Debug */,
				D8C83E831AE1B64700F187F1 /* Release */,
			);
			defaultConfigurationIsVisible = 0;
			defaultConfigurationName = Release;
		};
		D8C83E841AE1B64700F187F1 /* Build configuration list for PBXNativeTarget "SSOBaseProviderTests" */ = {
			isa = XCConfigurationList;
			buildConfigurations = (
				D8C83E851AE1B64700F187F1 /* Debug */,
				D8C83E861AE1B64700F187F1 /* Release */,
			);
			defaultConfigurationIsVisible = 0;
			defaultConfigurationName = Release;
		};
/* End XCConfigurationList section */
	};
	rootObject = D8C83E561AE1B64700F187F1 /* Project object */;
}
